
Microsoft Visual Studio Solution File, Format Version 12.00
# Visual Studio 15
VisualStudioVersion = 15.0.28010.2050
MinimumVisualStudioVersion = 10.0.40219.1
Project("{FAE04EC0-301F-11D3-BF4B-00C04F79EFBC}") = "app02.Android", "app02\app02.Android\app02.Android.csproj", "{C34FF6BF-FB58-41E7-9574-939A17FA9BBA}"
EndProject
Project("{FAE04EC0-301F-11D3-BF4B-00C04F79EFBC}") = "app02.iOS", "app02\app02.iOS\app02.iOS.csproj", "{40C145E7-4C8B-4CFA-8F06-CE7F3D3235AE}"
EndProject
Project("{FAE04EC0-301F-11D3-BF4B-00C04F79EFBC}") = "app02", "app02\app02\app02.csproj", "{E01925D2-919E-4F5D-BA22-17300E6890E0}"
EndProject
Global
	GlobalSection(SolutionConfigurationPlatforms) = preSolution
		Ad-Hoc|Any CPU = Ad-Hoc|Any CPU
		Ad-Hoc|iPhone = Ad-Hoc|iPhone
		Ad-Hoc|iPhoneSimulator = Ad-Hoc|iPhoneSimulator
		AppStore|Any CPU = AppStore|Any CPU
		AppStore|iPhone = AppStore|iPhone
		AppStore|iPhoneSimulator = AppStore|iPhoneSimulator
		Debug|Any CPU = Debug|Any CPU
		Debug|iPhone = Debug|iPhone
		Debug|iPhoneSimulator = Debug|iPhoneSimulator
		Release|Any CPU = Release|Any CPU
		Release|iPhone = Release|iPhone
		Release|iPhoneSimulator = Release|iPhoneSimulator
	EndGlobalSection
	GlobalSection(ProjectConfigurationPlatforms) = postSolution
		{C34FF6BF-FB58-41E7-9574-939A17FA9BBA}.Ad-Hoc|Any CPU.ActiveCfg = Release|Any CPU
		{C34FF6BF-FB58-41E7-9574-939A17FA9BBA}.Ad-Hoc|Any CPU.Build.0 = Release|Any CPU
		{C34FF6BF-FB58-41E7-9574-939A17FA9BBA}.Ad-Hoc|Any CPU.Deploy.0 = Release|Any CPU
		{C34FF6BF-FB58-41E7-9574-939A17FA9BBA}.Ad-Hoc|iPhone.ActiveCfg = Release|Any CPU
		{C34FF6BF-FB58-41E7-9574-939A17FA9BBA}.Ad-Hoc|iPhone.Build.0 = Release|Any CPU
		{C34FF6BF-FB58-41E7-9574-939A17FA9BBA}.Ad-Hoc|iPhone.Deploy.0 = Release|Any CPU
		{C34FF6BF-FB58-41E7-9574-939A17FA9BBA}.Ad-Hoc|iPhoneSimulator.ActiveCfg = Release|Any CPU
		{C34FF6BF-FB58-41E7-9574-939A17FA9BBA}.Ad-Hoc|iPhoneSimulator.Build.0 = Release|Any CPU
		{C34FF6BF-FB58-41E7-9574-939A17FA9BBA}.Ad-Hoc|iPhoneSimulator.Deploy.0 = Release|Any CPU
		{C34FF6BF-FB58-41E7-9574-939A17FA9BBA}.AppStore|Any CPU.ActiveCfg = Release|Any CPU
		{C34FF6BF-FB58-41E7-9574-939A17FA9BBA}.AppStore|Any CPU.Build.0 = Release|Any CPU
		{C34FF6BF-FB58-41E7-9574-939A17FA9BBA}.AppStore|Any CPU.Deploy.0 = Release|Any CPU
		{C34FF6BF-FB58-41E7-9574-939A17FA9BBA}.AppStore|iPhone.ActiveCfg = Release|Any CPU
		{C34FF6BF-FB58-41E7-9574-939A17FA9BBA}.AppStore|iPhone.Build.0 = Release|Any CPU
		{C34FF6BF-FB58-41E7-9574-939A17FA9BBA}.AppStore|iPhone.Deploy.0 = Release|Any CPU
		{C34FF6BF-FB58-41E7-9574-939A17FA9BBA}.AppStore|iPhoneSimulator.ActiveCfg = Release|Any CPU
		{C34FF6BF-FB58-41E7-9574-939A17FA9BBA}.AppStore|iPhoneSimulator.Build.0 = Release|Any CPU
		{C34FF6BF-FB58-41E7-9574-939A17FA9BBA}.AppStore|iPhoneSimulator.Deploy.0 = Release|Any CPU
		{C34FF6BF-FB58-41E7-9574-939A17FA9BBA}.Debug|Any CPU.ActiveCfg = Debug|Any CPU
		{C34FF6BF-FB58-41E7-9574-939A17FA9BBA}.Debug|Any CPU.Build.0 = Debug|Any CPU
		{C34FF6BF-FB58-41E7-9574-939A17FA9BBA}.Debug|Any CPU.Deploy.0 = Debug|Any CPU
		{C34FF6BF-FB58-41E7-9574-939A17FA9BBA}.Debug|iPhone.ActiveCfg = Debug|Any CPU
		{C34FF6BF-FB58-41E7-9574-939A17FA9BBA}.Debug|iPhone.Build.0 = Debug|Any CPU
		{C34FF6BF-FB58-41E7-9574-939A17FA9BBA}.Debug|iPhone.Deploy.0 = Debug|Any CPU
		{C34FF6BF-FB58-41E7-9574-939A17FA9BBA}.Debug|iPhoneSimulator.ActiveCfg = Debug|Any CPU
		{C34FF6BF-FB58-41E7-9574-939A17FA9BBA}.Debug|iPhoneSimulator.Build.0 = Debug|Any CPU
		{C34FF6BF-FB58-41E7-9574-939A17FA9BBA}.Debug|iPhoneSimulator.Deploy.0 = Debug|Any CPU
		{C34FF6BF-FB58-41E7-9574-939A17FA9BBA}.Release|Any CPU.ActiveCfg = Release|Any CPU
		{C34FF6BF-FB58-41E7-9574-939A17FA9BBA}.Release|Any CPU.Build.0 = Release|Any CPU
		{C34FF6BF-FB58-41E7-9574-939A17FA9BBA}.Release|Any CPU.Deploy.0 = Release|Any CPU
		{C34FF6BF-FB58-41E7-9574-939A17FA9BBA}.Release|iPhone.ActiveCfg = Release|Any CPU
		{C34FF6BF-FB58-41E7-9574-939A17FA9BBA}.Release|iPhone.Build.0 = Release|Any CPU
		{C34FF6BF-FB58-41E7-9574-939A17FA9BBA}.Release|iPhone.Deploy.0 = Release|Any CPU
		{C34FF6BF-FB58-41E7-9574-939A17FA9BBA}.Release|iPhoneSimulator.ActiveCfg = Release|Any CPU
		{C34FF6BF-FB58-41E7-9574-939A17FA9BBA}.Release|iPhoneSimulator.Build.0 = Release|Any CPU
		{C34FF6BF-FB58-41E7-9574-939A17FA9BBA}.Release|iPhoneSimulator.Deploy.0 = Release|Any CPU
		{40C145E7-4C8B-4CFA-8F06-CE7F3D3235AE}.Ad-Hoc|Any CPU.ActiveCfg = Ad-Hoc|iPhone
		{40C145E7-4C8B-4CFA-8F06-CE7F3D3235AE}.Ad-Hoc|Any CPU.Build.0 = Ad-Hoc|iPhone
		{40C145E7-4C8B-4CFA-8F06-CE7F3D3235AE}.Ad-Hoc|Any CPU.Deploy.0 = Ad-Hoc|iPhone
		{40C145E7-4C8B-4CFA-8F06-CE7F3D3235AE}.Ad-Hoc|iPhone.ActiveCfg = Ad-Hoc|iPhone
		{40C145E7-4C8B-4CFA-8F06-CE7F3D3235AE}.Ad-Hoc|iPhone.Build.0 = Ad-Hoc|iPhone
		{40C145E7-4C8B-4CFA-8F06-CE7F3D3235AE}.Ad-Hoc|iPhone.Deploy.0 = Ad-Hoc|iPhone
		{40C145E7-4C8B-4CFA-8F06-CE7F3D3235AE}.Ad-Hoc|iPhoneSimulator.ActiveCfg = Ad-Hoc|iPhoneSimulator
		{40C145E7-4C8B-4CFA-8F06-CE7F3D3235AE}.Ad-Hoc|iPhoneSimulator.Build.0 = Ad-Hoc|iPhoneSimulator
		{40C145E7-4C8B-4CFA-8F06-CE7F3D3235AE}.Ad-Hoc|iPhoneSimulator.Deploy.0 = Ad-Hoc|iPhoneSimulator
		{40C145E7-4C8B-4CFA-8F06-CE7F3D3235AE}.AppStore|Any CPU.ActiveCfg = AppStore|iPhone
		{40C145E7-4C8B-4CFA-8F06-CE7F3D3235AE}.AppStore|Any CPU.Build.0 = AppStore|iPhone
		{40C145E7-4C8B-4CFA-8F06-CE7F3D3235AE}.AppStore|Any CPU.Deploy.0 = AppStore|iPhone
		{40C145E7-4C8B-4CFA-8F06-CE7F3D3235AE}.AppStore|iPhone.ActiveCfg = AppStore|iPhone
		{40C145E7-4C8B-4CFA-8F06-CE7F3D3235AE}.AppStore|iPhone.Build.0 = AppStore|iPhone
		{40C145E7-4C8B-4CFA-8F06-CE7F3D3235AE}.AppStore|iPhone.Deploy.0 = AppStore|iPhone
		{40C145E7-4C8B-4CFA-8F06-CE7F3D3235AE}.AppStore|iPhoneSimulator.ActiveCfg = AppStore|iPhoneSimulator
		{40C145E7-4C8B-4CFA-8F06-CE7F3D3235AE}.AppStore|iPhoneSimulator.Build.0 = AppStore|iPhoneSimulator
		{40C145E7-4C8B-4CFA-8F06-CE7F3D3235AE}.AppStore|iPhoneSimulator.Deploy.0 = AppStore|iPhoneSimulator
		{40C145E7-4C8B-4CFA-8F06-CE7F3D3235AE}.Debug|Any CPU.ActiveCfg = Debug|iPhoneSimulator
		{40C145E7-4C8B-4CFA-8F06-CE7F3D3235AE}.Debug|Any CPU.Build.0 = Debug|iPhoneSimulator
		{40C145E7-4C8B-4CFA-8F06-CE7F3D3235AE}.Debug|Any CPU.Deploy.0 = Debug|iPhoneSimulator
		{40C145E7-4C8B-4CFA-8F06-CE7F3D3235AE}.Debug|iPhone.ActiveCfg = Debug|iPhone
		{40C145E7-4C8B-4CFA-8F06-CE7F3D3235AE}.Debug|iPhone.Build.0 = Debug|iPhone
		{40C145E7-4C8B-4CFA-8F06-CE7F3D3235AE}.Debug|iPhone.Deploy.0 = Debug|iPhone
		{40C145E7-4C8B-4CFA-8F06-CE7F3D3235AE}.Debug|iPhoneSimulator.ActiveCfg = Debug|iPhoneSimulator
		{40C145E7-4C8B-4CFA-8F06-CE7F3D3235AE}.Debug|iPhoneSimulator.Build.0 = Debug|iPhoneSimulator
		{40C145E7-4C8B-4CFA-8F06-CE7F3D3235AE}.Debug|iPhoneSimulator.Deploy.0 = Debug|iPhoneSimulator
		{40C145E7-4C8B-4CFA-8F06-CE7F3D3235AE}.Release|Any CPU.ActiveCfg = Release|iPhone
		{40C145E7-4C8B-4CFA-8F06-CE7F3D3235AE}.Release|Any CPU.Build.0 = Release|iPhone
		{40C145E7-4C8B-4CFA-8F06-CE7F3D3235AE}.Release|Any CPU.Deploy.0 = Release|iPhone
		{40C145E7-4C8B-4CFA-8F06-CE7F3D3235AE}.Release|iPhone.ActiveCfg = Release|iPhone
		{40C145E7-4C8B-4CFA-8F06-CE7F3D3235AE}.Release|iPhone.Build.0 = Release|iPhone
		{40C145E7-4C8B-4CFA-8F06-CE7F3D3235AE}.Release|iPhone.Deploy.0 = Release|iPhone
		{40C145E7-4C8B-4CFA-8F06-CE7F3D3235AE}.Release|iPhoneSimulator.ActiveCfg = Release|iPhoneSimulator
		{40C145E7-4C8B-4CFA-8F06-CE7F3D3235AE}.Release|iPhoneSimulator.Build.0 = Release|iPhoneSimulator
		{40C145E7-4C8B-4CFA-8F06-CE7F3D3235AE}.Release|iPhoneSimulator.Deploy.0 = Release|iPhoneSimulator
		{E01925D2-919E-4F5D-BA22-17300E6890E0}.Ad-Hoc|Any CPU.ActiveCfg = Debug|Any CPU
		{E01925D2-919E-4F5D-BA22-17300E6890E0}.Ad-Hoc|Any CPU.Build.0 = Debug|Any CPU
		{E01925D2-919E-4F5D-BA22-17300E6890E0}.Ad-Hoc|Any CPU.Deploy.0 = Debug|Any CPU
		{E01925D2-919E-4F5D-BA22-17300E6890E0}.Ad-Hoc|iPhone.ActiveCfg = Debug|Any CPU
		{E01925D2-919E-4F5D-BA22-17300E6890E0}.Ad-Hoc|iPhone.Build.0 = Debug|Any CPU
		{E01925D2-919E-4F5D-BA22-17300E6890E0}.Ad-Hoc|iPhone.Deploy.0 = Debug|Any CPU
		{E01925D2-919E-4F5D-BA22-17300E6890E0}.Ad-Hoc|iPhoneSimulator.ActiveCfg = Debug|Any CPU
		{E01925D2-919E-4F5D-BA22-17300E6890E0}.Ad-Hoc|iPhoneSimulator.Build.0 = Debug|Any CPU
		{E01925D2-919E-4F5D-BA22-17300E6890E0}.Ad-Hoc|iPhoneSimulator.Deploy.0 = Debug|Any CPU
		{E01925D2-919E-4F5D-BA22-17300E6890E0}.AppStore|Any CPU.ActiveCfg = Debug|Any CPU
		{E01925D2-919E-4F5D-BA22-17300E6890E0}.AppStore|Any CPU.Build.0 = Debug|Any CPU
		{E01925D2-919E-4F5D-BA22-17300E6890E0}.AppStore|Any CPU.Deploy.0 = Debug|Any CPU
		{E01925D2-919E-4F5D-BA22-17300E6890E0}.AppStore|iPhone.ActiveCfg = Debug|Any CPU
		{E01925D2-919E-4F5D-BA22-17300E6890E0}.AppStore|iPhone.Build.0 = Debug|Any CPU
		{E01925D2-919E-4F5D-BA22-17300E6890E0}.AppStore|iPhone.Deploy.0 = Debug|Any CPU
		{E01925D2-919E-4F5D-BA22-17300E6890E0}.AppStore|iPhoneSimulator.ActiveCfg = Debug|Any CPU
		{E01925D2-919E-4F5D-BA22-17300E6890E0}.AppStore|iPhoneSimulator.Build.0 = Debug|Any CPU
		{E01925D2-919E-4F5D-BA22-17300E6890E0}.AppStore|iPhoneSimulator.Deploy.0 = Debug|Any CPU
		{E01925D2-919E-4F5D-BA22-17300E6890E0}.Debug|Any CPU.ActiveCfg = Debug|Any CPU
		{E01925D2-919E-4F5D-BA22-17300E6890E0}.Debug|Any CPU.Build.0 = Debug|Any CPU
		{E01925D2-919E-4F5D-BA22-17300E6890E0}.Debug|Any CPU.Deploy.0 = Debug|Any CPU
		{E01925D2-919E-4F5D-BA22-17300E6890E0}.Debug|iPhone.ActiveCfg = Debug|Any CPU
		{E01925D2-919E-4F5D-BA22-17300E6890E0}.Debug|iPhone.Build.0 = Debug|Any CPU
		{E01925D2-919E-4F5D-BA22-17300E6890E0}.Debug|iPhone.Deploy.0 = Debug|Any CPU
		{E01925D2-919E-4F5D-BA22-17300E6890E0}.Debug|iPhoneSimulator.ActiveCfg = Debug|Any CPU
		{E01925D2-919E-4F5D-BA22-17300E6890E0}.Debug|iPhoneSimulator.Build.0 = Debug|Any CPU
		{E01925D2-919E-4F5D-BA22-17300E6890E0}.Debug|iPhoneSimulator.Deploy.0 = Debug|Any CPU
		{E01925D2-919E-4F5D-BA22-17300E6890E0}.Release|Any CPU.ActiveCfg = Release|Any CPU
		{E01925D2-919E-4F5D-BA22-17300E6890E0}.Release|Any CPU.Build.0 = Release|Any CPU
		{E01925D2-919E-4F5D-BA22-17300E6890E0}.Release|Any CPU.Deploy.0 = Release|Any CPU
		{E01925D2-919E-4F5D-BA22-17300E6890E0}.Release|iPhone.ActiveCfg = Release|Any CPU
		{E01925D2-919E-4F5D-BA22-17300E6890E0}.Release|iPhone.Build.0 = Release|Any CPU
		{E01925D2-919E-4F5D-BA22-17300E6890E0}.Release|iPhone.Deploy.0 = Release|Any CPU
		{E01925D2-919E-4F5D-BA22-17300E6890E0}.Release|iPhoneSimulator.ActiveCfg = Release|Any CPU
		{E01925D2-919E-4F5D-BA22-17300E6890E0}.Release|iPhoneSimulator.Build.0 = Release|Any CPU
		{E01925D2-919E-4F5D-BA22-17300E6890E0}.Release|iPhoneSimulator.Deploy.0 = Release|Any CPU
	EndGlobalSection
	GlobalSection(SolutionProperties) = preSolution
		HideSolutionNode = FALSE
	EndGlobalSection
	GlobalSection(ExtensibilityGlobals) = postSolution
		SolutionGuid = {AF5C1851-D34D-4D38-9DCD-2AC952AAB3FE}
	EndGlobalSection
EndGlobal
