
Microsoft Visual Studio Solution File, Format Version 12.00
# Visual Studio 15
VisualStudioVersion = 15.0.28010.2050
MinimumVisualStudioVersion = 10.0.40219.1
Project("{FAE04EC0-301F-11D3-BF4B-00C04F79EFBC}") = "App01.Android", "App01\App01.Android\App01.Android.csproj", "{25F35E9D-EFC2-4919-9FF9-7BBAC8BAD804}"
EndProject
Project("{FAE04EC0-301F-11D3-BF4B-00C04F79EFBC}") = "App01.iOS", "App01\App01.iOS\App01.iOS.csproj", "{DA264E7B-4078-43F5-8FB7-B03E45942AAE}"
EndProject
Project("{FAE04EC0-301F-11D3-BF4B-00C04F79EFBC}") = "App01", "App01\App01\App01.csproj", "{94FEBB0A-D0F5-4288-A6CC-CAE78D09446C}"
EndProject
Global
	GlobalSection(SolutionConfigurationPlatforms) = preSolution
		Ad-Hoc|Any CPU = Ad-Hoc|Any CPU
		Ad-Hoc|iPhone = Ad-Hoc|iPhone
		Ad-Hoc|iPhoneSimulator = Ad-Hoc|iPhoneSimulator
		AppStore|Any CPU = AppStore|Any CPU
		AppStore|iPhone = AppStore|iPhone
		AppStore|iPhoneSimulator = AppStore|iPhoneSimulator
		Debug|Any CPU = Debug|Any CPU
		Debug|iPhone = Debug|iPhone
		Debug|iPhoneSimulator = Debug|iPhoneSimulator
		Release|Any CPU = Release|Any CPU
		Release|iPhone = Release|iPhone
		Release|iPhoneSimulator = Release|iPhoneSimulator
	EndGlobalSection
	GlobalSection(ProjectConfigurationPlatforms) = postSolution
		{25F35E9D-EFC2-4919-9FF9-7BBAC8BAD804}.Ad-Hoc|Any CPU.ActiveCfg = Release|Any CPU
		{25F35E9D-EFC2-4919-9FF9-7BBAC8BAD804}.Ad-Hoc|Any CPU.Build.0 = Release|Any CPU
		{25F35E9D-EFC2-4919-9FF9-7BBAC8BAD804}.Ad-Hoc|Any CPU.Deploy.0 = Release|Any CPU
		{25F35E9D-EFC2-4919-9FF9-7BBAC8BAD804}.Ad-Hoc|iPhone.ActiveCfg = Release|Any CPU
		{25F35E9D-EFC2-4919-9FF9-7BBAC8BAD804}.Ad-Hoc|iPhone.Build.0 = Release|Any CPU
		{25F35E9D-EFC2-4919-9FF9-7BBAC8BAD804}.Ad-Hoc|iPhone.Deploy.0 = Release|Any CPU
		{25F35E9D-EFC2-4919-9FF9-7BBAC8BAD804}.Ad-Hoc|iPhoneSimulator.ActiveCfg = Release|Any CPU
		{25F35E9D-EFC2-4919-9FF9-7BBAC8BAD804}.Ad-Hoc|iPhoneSimulator.Build.0 = Release|Any CPU
		{25F35E9D-EFC2-4919-9FF9-7BBAC8BAD804}.Ad-Hoc|iPhoneSimulator.Deploy.0 = Release|Any CPU
		{25F35E9D-EFC2-4919-9FF9-7BBAC8BAD804}.AppStore|Any CPU.ActiveCfg = Release|Any CPU
		{25F35E9D-EFC2-4919-9FF9-7BBAC8BAD804}.AppStore|Any CPU.Build.0 = Release|Any CPU
		{25F35E9D-EFC2-4919-9FF9-7BBAC8BAD804}.AppStore|Any CPU.Deploy.0 = Release|Any CPU
		{25F35E9D-EFC2-4919-9FF9-7BBAC8BAD804}.AppStore|iPhone.ActiveCfg = Release|Any CPU
		{25F35E9D-EFC2-4919-9FF9-7BBAC8BAD804}.AppStore|iPhone.Build.0 = Release|Any CPU
		{25F35E9D-EFC2-4919-9FF9-7BBAC8BAD804}.AppStore|iPhone.Deploy.0 = Release|Any CPU
		{25F35E9D-EFC2-4919-9FF9-7BBAC8BAD804}.AppStore|iPhoneSimulator.ActiveCfg = Release|Any CPU
		{25F35E9D-EFC2-4919-9FF9-7BBAC8BAD804}.AppStore|iPhoneSimulator.Build.0 = Release|Any CPU
		{25F35E9D-EFC2-4919-9FF9-7BBAC8BAD804}.AppStore|iPhoneSimulator.Deploy.0 = Release|Any CPU
		{25F35E9D-EFC2-4919-9FF9-7BBAC8BAD804}.Debug|Any CPU.ActiveCfg = Debug|Any CPU
		{25F35E9D-EFC2-4919-9FF9-7BBAC8BAD804}.Debug|Any CPU.Build.0 = Debug|Any CPU
		{25F35E9D-EFC2-4919-9FF9-7BBAC8BAD804}.Debug|Any CPU.Deploy.0 = Debug|Any CPU
		{25F35E9D-EFC2-4919-9FF9-7BBAC8BAD804}.Debug|iPhone.ActiveCfg = Debug|Any CPU
		{25F35E9D-EFC2-4919-9FF9-7BBAC8BAD804}.Debug|iPhone.Build.0 = Debug|Any CPU
		{25F35E9D-EFC2-4919-9FF9-7BBAC8BAD804}.Debug|iPhone.Deploy.0 = Debug|Any CPU
		{25F35E9D-EFC2-4919-9FF9-7BBAC8BAD804}.Debug|iPhoneSimulator.ActiveCfg = Debug|Any CPU
		{25F35E9D-EFC2-4919-9FF9-7BBAC8BAD804}.Debug|iPhoneSimulator.Build.0 = Debug|Any CPU
		{25F35E9D-EFC2-4919-9FF9-7BBAC8BAD804}.Debug|iPhoneSimulator.Deploy.0 = Debug|Any CPU
		{25F35E9D-EFC2-4919-9FF9-7BBAC8BAD804}.Release|Any CPU.ActiveCfg = Release|Any CPU
		{25F35E9D-EFC2-4919-9FF9-7BBAC8BAD804}.Release|Any CPU.Build.0 = Release|Any CPU
		{25F35E9D-EFC2-4919-9FF9-7BBAC8BAD804}.Release|Any CPU.Deploy.0 = Release|Any CPU
		{25F35E9D-EFC2-4919-9FF9-7BBAC8BAD804}.Release|iPhone.ActiveCfg = Release|Any CPU
		{25F35E9D-EFC2-4919-9FF9-7BBAC8BAD804}.Release|iPhone.Build.0 = Release|Any CPU
		{25F35E9D-EFC2-4919-9FF9-7BBAC8BAD804}.Release|iPhone.Deploy.0 = Release|Any CPU
		{25F35E9D-EFC2-4919-9FF9-7BBAC8BAD804}.Release|iPhoneSimulator.ActiveCfg = Release|Any CPU
		{25F35E9D-EFC2-4919-9FF9-7BBAC8BAD804}.Release|iPhoneSimulator.Build.0 = Release|Any CPU
		{25F35E9D-EFC2-4919-9FF9-7BBAC8BAD804}.Release|iPhoneSimulator.Deploy.0 = Release|Any CPU
		{DA264E7B-4078-43F5-8FB7-B03E45942AAE}.Ad-Hoc|Any CPU.ActiveCfg = Ad-Hoc|iPhone
		{DA264E7B-4078-43F5-8FB7-B03E45942AAE}.Ad-Hoc|Any CPU.Build.0 = Ad-Hoc|iPhone
		{DA264E7B-4078-43F5-8FB7-B03E45942AAE}.Ad-Hoc|Any CPU.Deploy.0 = Ad-Hoc|iPhone
		{DA264E7B-4078-43F5-8FB7-B03E45942AAE}.Ad-Hoc|iPhone.ActiveCfg = Ad-Hoc|iPhone
		{DA264E7B-4078-43F5-8FB7-B03E45942AAE}.Ad-Hoc|iPhone.Build.0 = Ad-Hoc|iPhone
		{DA264E7B-4078-43F5-8FB7-B03E45942AAE}.Ad-Hoc|iPhone.Deploy.0 = Ad-Hoc|iPhone
		{DA264E7B-4078-43F5-8FB7-B03E45942AAE}.Ad-Hoc|iPhoneSimulator.ActiveCfg = Ad-Hoc|iPhoneSimulator
		{DA264E7B-4078-43F5-8FB7-B03E45942AAE}.Ad-Hoc|iPhoneSimulator.Build.0 = Ad-Hoc|iPhoneSimulator
		{DA264E7B-4078-43F5-8FB7-B03E45942AAE}.Ad-Hoc|iPhoneSimulator.Deploy.0 = Ad-Hoc|iPhoneSimulator
		{DA264E7B-4078-43F5-8FB7-B03E45942AAE}.AppStore|Any CPU.ActiveCfg = AppStore|iPhone
		{DA264E7B-4078-43F5-8FB7-B03E45942AAE}.AppStore|Any CPU.Build.0 = AppStore|iPhone
		{DA264E7B-4078-43F5-8FB7-B03E45942AAE}.AppStore|Any CPU.Deploy.0 = AppStore|iPhone
		{DA264E7B-4078-43F5-8FB7-B03E45942AAE}.AppStore|iPhone.ActiveCfg = AppStore|iPhone
		{DA264E7B-4078-43F5-8FB7-B03E45942AAE}.AppStore|iPhone.Build.0 = AppStore|iPhone
		{DA264E7B-4078-43F5-8FB7-B03E45942AAE}.AppStore|iPhone.Deploy.0 = AppStore|iPhone
		{DA264E7B-4078-43F5-8FB7-B03E45942AAE}.AppStore|iPhoneSimulator.ActiveCfg = AppStore|iPhoneSimulator
		{DA264E7B-4078-43F5-8FB7-B03E45942AAE}.AppStore|iPhoneSimulator.Build.0 = AppStore|iPhoneSimulator
		{DA264E7B-4078-43F5-8FB7-B03E45942AAE}.AppStore|iPhoneSimulator.Deploy.0 = AppStore|iPhoneSimulator
		{DA264E7B-4078-43F5-8FB7-B03E45942AAE}.Debug|Any CPU.ActiveCfg = Debug|iPhoneSimulator
		{DA264E7B-4078-43F5-8FB7-B03E45942AAE}.Debug|Any CPU.Build.0 = Debug|iPhoneSimulator
		{DA264E7B-4078-43F5-8FB7-B03E45942AAE}.Debug|Any CPU.Deploy.0 = Debug|iPhoneSimulator
		{DA264E7B-4078-43F5-8FB7-B03E45942AAE}.Debug|iPhone.ActiveCfg = Debug|iPhone
		{DA264E7B-4078-43F5-8FB7-B03E45942AAE}.Debug|iPhone.Build.0 = Debug|iPhone
		{DA264E7B-4078-43F5-8FB7-B03E45942AAE}.Debug|iPhone.Deploy.0 = Debug|iPhone
		{DA264E7B-4078-43F5-8FB7-B03E45942AAE}.Debug|iPhoneSimulator.ActiveCfg = Debug|iPhoneSimulator
		{DA264E7B-4078-43F5-8FB7-B03E45942AAE}.Debug|iPhoneSimulator.Build.0 = Debug|iPhoneSimulator
		{DA264E7B-4078-43F5-8FB7-B03E45942AAE}.Debug|iPhoneSimulator.Deploy.0 = Debug|iPhoneSimulator
		{DA264E7B-4078-43F5-8FB7-B03E45942AAE}.Release|Any CPU.ActiveCfg = Release|iPhone
		{DA264E7B-4078-43F5-8FB7-B03E45942AAE}.Release|Any CPU.Build.0 = Release|iPhone
		{DA264E7B-4078-43F5-8FB7-B03E45942AAE}.Release|Any CPU.Deploy.0 = Release|iPhone
		{DA264E7B-4078-43F5-8FB7-B03E45942AAE}.Release|iPhone.ActiveCfg = Release|iPhone
		{DA264E7B-4078-43F5-8FB7-B03E45942AAE}.Release|iPhone.Build.0 = Release|iPhone
		{DA264E7B-4078-43F5-8FB7-B03E45942AAE}.Release|iPhone.Deploy.0 = Release|iPhone
		{DA264E7B-4078-43F5-8FB7-B03E45942AAE}.Release|iPhoneSimulator.ActiveCfg = Release|iPhoneSimulator
		{DA264E7B-4078-43F5-8FB7-B03E45942AAE}.Release|iPhoneSimulator.Build.0 = Release|iPhoneSimulator
		{DA264E7B-4078-43F5-8FB7-B03E45942AAE}.Release|iPhoneSimulator.Deploy.0 = Release|iPhoneSimulator
		{94FEBB0A-D0F5-4288-A6CC-CAE78D09446C}.Ad-Hoc|Any CPU.ActiveCfg = Debug|Any CPU
		{94FEBB0A-D0F5-4288-A6CC-CAE78D09446C}.Ad-Hoc|Any CPU.Build.0 = Debug|Any CPU
		{94FEBB0A-D0F5-4288-A6CC-CAE78D09446C}.Ad-Hoc|Any CPU.Deploy.0 = Debug|Any CPU
		{94FEBB0A-D0F5-4288-A6CC-CAE78D09446C}.Ad-Hoc|iPhone.ActiveCfg = Debug|Any CPU
		{94FEBB0A-D0F5-4288-A6CC-CAE78D09446C}.Ad-Hoc|iPhone.Build.0 = Debug|Any CPU
		{94FEBB0A-D0F5-4288-A6CC-CAE78D09446C}.Ad-Hoc|iPhone.Deploy.0 = Debug|Any CPU
		{94FEBB0A-D0F5-4288-A6CC-CAE78D09446C}.Ad-Hoc|iPhoneSimulator.ActiveCfg = Debug|Any CPU
		{94FEBB0A-D0F5-4288-A6CC-CAE78D09446C}.Ad-Hoc|iPhoneSimulator.Build.0 = Debug|Any CPU
		{94FEBB0A-D0F5-4288-A6CC-CAE78D09446C}.Ad-Hoc|iPhoneSimulator.Deploy.0 = Debug|Any CPU
		{94FEBB0A-D0F5-4288-A6CC-CAE78D09446C}.AppStore|Any CPU.ActiveCfg = Debug|Any CPU
		{94FEBB0A-D0F5-4288-A6CC-CAE78D09446C}.AppStore|Any CPU.Build.0 = Debug|Any CPU
		{94FEBB0A-D0F5-4288-A6CC-CAE78D09446C}.AppStore|Any CPU.Deploy.0 = Debug|Any CPU
		{94FEBB0A-D0F5-4288-A6CC-CAE78D09446C}.AppStore|iPhone.ActiveCfg = Debug|Any CPU
		{94FEBB0A-D0F5-4288-A6CC-CAE78D09446C}.AppStore|iPhone.Build.0 = Debug|Any CPU
		{94FEBB0A-D0F5-4288-A6CC-CAE78D09446C}.AppStore|iPhone.Deploy.0 = Debug|Any CPU
		{94FEBB0A-D0F5-4288-A6CC-CAE78D09446C}.AppStore|iPhoneSimulator.ActiveCfg = Debug|Any CPU
		{94FEBB0A-D0F5-4288-A6CC-CAE78D09446C}.AppStore|iPhoneSimulator.Build.0 = Debug|Any CPU
		{94FEBB0A-D0F5-4288-A6CC-CAE78D09446C}.AppStore|iPhoneSimulator.Deploy.0 = Debug|Any CPU
		{94FEBB0A-D0F5-4288-A6CC-CAE78D09446C}.Debug|Any CPU.ActiveCfg = Debug|Any CPU
		{94FEBB0A-D0F5-4288-A6CC-CAE78D09446C}.Debug|Any CPU.Build.0 = Debug|Any CPU
		{94FEBB0A-D0F5-4288-A6CC-CAE78D09446C}.Debug|Any CPU.Deploy.0 = Debug|Any CPU
		{94FEBB0A-D0F5-4288-A6CC-CAE78D09446C}.Debug|iPhone.ActiveCfg = Debug|Any CPU
		{94FEBB0A-D0F5-4288-A6CC-CAE78D09446C}.Debug|iPhone.Build.0 = Debug|Any CPU
		{94FEBB0A-D0F5-4288-A6CC-CAE78D09446C}.Debug|iPhone.Deploy.0 = Debug|Any CPU
		{94FEBB0A-D0F5-4288-A6CC-CAE78D09446C}.Debug|iPhoneSimulator.ActiveCfg = Debug|Any CPU
		{94FEBB0A-D0F5-4288-A6CC-CAE78D09446C}.Debug|iPhoneSimulator.Build.0 = Debug|Any CPU
		{94FEBB0A-D0F5-4288-A6CC-CAE78D09446C}.Debug|iPhoneSimulator.Deploy.0 = Debug|Any CPU
		{94FEBB0A-D0F5-4288-A6CC-CAE78D09446C}.Release|Any CPU.ActiveCfg = Release|Any CPU
		{94FEBB0A-D0F5-4288-A6CC-CAE78D09446C}.Release|Any CPU.Build.0 = Release|Any CPU
		{94FEBB0A-D0F5-4288-A6CC-CAE78D09446C}.Release|Any CPU.Deploy.0 = Release|Any CPU
		{94FEBB0A-D0F5-4288-A6CC-CAE78D09446C}.Release|iPhone.ActiveCfg = Release|Any CPU
		{94FEBB0A-D0F5-4288-A6CC-CAE78D09446C}.Release|iPhone.Build.0 = Release|Any CPU
		{94FEBB0A-D0F5-4288-A6CC-CAE78D09446C}.Release|iPhone.Deploy.0 = Release|Any CPU
		{94FEBB0A-D0F5-4288-A6CC-CAE78D09446C}.Release|iPhoneSimulator.ActiveCfg = Release|Any CPU
		{94FEBB0A-D0F5-4288-A6CC-CAE78D09446C}.Release|iPhoneSimulator.Build.0 = Release|Any CPU
		{94FEBB0A-D0F5-4288-A6CC-CAE78D09446C}.Release|iPhoneSimulator.Deploy.0 = Release|Any CPU
	EndGlobalSection
	GlobalSection(SolutionProperties) = preSolution
		HideSolutionNode = FALSE
	EndGlobalSection
	GlobalSection(ExtensibilityGlobals) = postSolution
		SolutionGuid = {FE0940E4-2110-4A8E-B5AD-E7855D7FD050}
	EndGlobalSection
EndGlobal
